
Microsoft Visual Studio Solution File, Format Version 12.00
# Visual Studio Version 17
VisualStudioVersion = 17.8.34511.84
MinimumVisualStudioVersion = 10.0.40219.1
Project("{FAE04EC0-301F-11D3-BF4B-00C04F79EFBC}") = "TelegramBotPdp", "TelegramBotPdp\TelegramBotPdp.csproj", "{284A5DF7-393B-4467-865B-C471A2AD6874}"
EndProject
Global
	GlobalSection(SolutionConfigurationPlatforms) = preSolution
		Debug|Any CPU = Debug|Any CPU
		Release|Any CPU = Release|Any CPU
	EndGlobalSection
	GlobalSection(ProjectConfigurationPlatforms) = postSolution
		{284A5DF7-393B-4467-865B-C471A2AD6874}.Debug|Any CPU.ActiveCfg = Debug|Any CPU
		{284A5DF7-393B-4467-865B-C471A2AD6874}.Debug|Any CPU.Build.0 = Debug|Any CPU
		{284A5DF7-393B-4467-865B-C471A2AD6874}.Release|Any CPU.ActiveCfg = Release|Any CPU
		{284A5DF7-393B-4467-865B-C471A2AD6874}.Release|Any CPU.Build.0 = Release|Any CPU
	EndGlobalSection
	GlobalSection(SolutionProperties) = preSolution
		HideSolutionNode = FALSE
	EndGlobalSection
	GlobalSection(ExtensibilityGlobals) = postSolution
		SolutionGuid = {67BAAF4D-8948-4D0E-B8DC-D7A31EE4EA77}
	EndGlobalSection
EndGlobal
